
Microsoft Visual Studio Solution File, Format Version 12.00
# Visual Studio 15
VisualStudioVersion = 15.0.28010.2016
MinimumVisualStudioVersion = 10.0.40219.1
Project("{FAE04EC0-301F-11D3-BF4B-00C04F79EFBC}") = "ePortfolioWF", "ePortfolioWF\ePortfolioWF.csproj", "{0264B4E8-DCBD-4134-AD80-0B54A7D9BB70}"
EndProject
Global
	GlobalSection(SolutionConfigurationPlatforms) = preSolution
		Debug|Any CPU = Debug|Any CPU
		Release|Any CPU = Release|Any CPU
	EndGlobalSection
	GlobalSection(ProjectConfigurationPlatforms) = postSolution
		{0264B4E8-DCBD-4134-AD80-0B54A7D9BB70}.Debug|Any CPU.ActiveCfg = Debug|Any CPU
		{0264B4E8-DCBD-4134-AD80-0B54A7D9BB70}.Debug|Any CPU.Build.0 = Debug|Any CPU
		{0264B4E8-DCBD-4134-AD80-0B54A7D9BB70}.Release|Any CPU.ActiveCfg = Release|Any CPU
		{0264B4E8-DCBD-4134-AD80-0B54A7D9BB70}.Release|Any CPU.Build.0 = Release|Any CPU
	EndGlobalSection
	GlobalSection(SolutionProperties) = preSolution
		HideSolutionNode = FALSE
	EndGlobalSection
	GlobalSection(ExtensibilityGlobals) = postSolution
		SolutionGuid = {5C36EAAF-D144-4A66-9203-E8A6CDD997E3}
	EndGlobalSection
EndGlobal
